
Microsoft Visual Studio Solution File, Format Version 11.00
# Visual Studio 2010
Project("{FAE04EC0-301F-11D3-BF4B-00C04F79EFBC}") = "UnityEngine.TestRunner", "UnityEngine.TestRunner.csproj", "{3b6c7bf0-e3c6-02b1-a697-5e416e58b29f}"
EndProject
Project("{FAE04EC0-301F-11D3-BF4B-00C04F79EFBC}") = "Unity.VisualScripting.Flow", "Unity.VisualScripting.Flow.csproj", "{bd65e7d4-1c5e-1e8f-2247-fb96b4a4e21f}"
EndProject
Project("{FAE04EC0-301F-11D3-BF4B-00C04F79EFBC}") = "Unity.Services.Core.Telemetry", "Unity.Services.Core.Telemetry.csproj", "{296a98e2-214b-355f-1895-856aa7140159}"
EndProject
Project("{FAE04EC0-301F-11D3-BF4B-00C04F79EFBC}") = "Unity.VisualScripting.State", "Unity.VisualScripting.State.csproj", "{3305302f-d904-83c3-4f38-6b230a075da0}"
EndProject
Project("{FAE04EC0-301F-11D3-BF4B-00C04F79EFBC}") = "Unity.VisualScripting.Core", "Unity.VisualScripting.Core.csproj", "{33a5f0a9-4b10-83ef-9782-ce5bd68571a8}"
EndProject
Project("{FAE04EC0-301F-11D3-BF4B-00C04F79EFBC}") = "Unity.Services.Core.Environments.Internal", "Unity.Services.Core.Environments.Internal.csproj", "{81d3b810-2a90-f4bd-4713-2ae32eb2bedb}"
EndProject
Project("{FAE04EC0-301F-11D3-BF4B-00C04F79EFBC}") = "Unity.TextMeshPro", "Unity.TextMeshPro.csproj", "{d6b75924-6ca2-2075-e90a-2107b8ab59f7}"
EndProject
Project("{FAE04EC0-301F-11D3-BF4B-00C04F79EFBC}") = "Unity.Timeline", "Unity.Timeline.csproj", "{402b2eec-afa6-1c3d-ef10-be3649aece53}"
EndProject
Project("{FAE04EC0-301F-11D3-BF4B-00C04F79EFBC}") = "Unity.Services.Core.Environments", "Unity.Services.Core.Environments.csproj", "{f88e2bfe-6f1f-a2df-2eb4-0ee4f3e0511e}"
EndProject
Project("{FAE04EC0-301F-11D3-BF4B-00C04F79EFBC}") = "Unity.Services.Core.Internal", "Unity.Services.Core.Internal.csproj", "{d3d65464-216e-9e65-52de-73f82142c835}"
EndProject
Project("{FAE04EC0-301F-11D3-BF4B-00C04F79EFBC}") = "Unity.Services.Core.Analytics", "Unity.Services.Core.Analytics.csproj", "{7ead718c-1238-abbb-c13a-a9a0b5a9b67a}"
EndProject
Project("{FAE04EC0-301F-11D3-BF4B-00C04F79EFBC}") = "Unity.Services.Core.Scheduler", "Unity.Services.Core.Scheduler.csproj", "{1cc424a3-1d1b-97f9-f72b-80654f5ab2ab}"
EndProject
Project("{FAE04EC0-301F-11D3-BF4B-00C04F79EFBC}") = "Unity.Services.Core.Registration", "Unity.Services.Core.Registration.csproj", "{39930630-2808-b87d-b33e-8f610909e579}"
EndProject
Project("{FAE04EC0-301F-11D3-BF4B-00C04F79EFBC}") = "Unity.Services.Core.Device", "Unity.Services.Core.Device.csproj", "{5a8a4071-6712-3f5e-7b29-4fdffe1f0649}"
EndProject
Project("{FAE04EC0-301F-11D3-BF4B-00C04F79EFBC}") = "Unity.Services.Core.Threading", "Unity.Services.Core.Threading.csproj", "{50407a72-c7f2-a3bc-b67e-2e109c133c48}"
EndProject
Project("{FAE04EC0-301F-11D3-BF4B-00C04F79EFBC}") = "Unity.Services.Core.Networking", "Unity.Services.Core.Networking.csproj", "{91976110-57bc-a20e-17b0-77db3c2a556e}"
EndProject
Project("{FAE04EC0-301F-11D3-BF4B-00C04F79EFBC}") = "Unity.Services.Core", "Unity.Services.Core.csproj", "{26ec61fd-7bf4-7ce8-aceb-eba66bade407}"
EndProject
Project("{FAE04EC0-301F-11D3-BF4B-00C04F79EFBC}") = "Assembly-CSharp", "Assembly-CSharp.csproj", "{dd2ba5dc-65f5-7e05-39d5-0c697c2d7813}"
EndProject
Project("{FAE04EC0-301F-11D3-BF4B-00C04F79EFBC}") = "Unity.Services.Core.Configuration", "Unity.Services.Core.Configuration.csproj", "{2b6a68a8-eae7-0948-3f61-bcc7cc6d4c17}"
EndProject
Project("{FAE04EC0-301F-11D3-BF4B-00C04F79EFBC}") = "Unity.PlasticSCM.Editor", "Unity.PlasticSCM.Editor.csproj", "{27559c6f-5f82-7553-43ad-b5b60359c156}"
EndProject
Project("{FAE04EC0-301F-11D3-BF4B-00C04F79EFBC}") = "Unity.VisualScripting.Core.Editor", "Unity.VisualScripting.Core.Editor.csproj", "{4330a467-3a90-ce8f-c11c-ae6ce581ba36}"
EndProject
Project("{FAE04EC0-301F-11D3-BF4B-00C04F79EFBC}") = "Unity.VisualScripting.Flow.Editor", "Unity.VisualScripting.Flow.Editor.csproj", "{e877ab6c-3beb-a311-2627-1d78af9aa3c3}"
EndProject
Project("{FAE04EC0-301F-11D3-BF4B-00C04F79EFBC}") = "Unity.VisualStudio.Editor", "Unity.VisualStudio.Editor.csproj", "{fbf684c9-f11b-4057-60d3-0458519b0ecb}"
EndProject
Project("{FAE04EC0-301F-11D3-BF4B-00C04F79EFBC}") = "Unity.Timeline.Editor", "Unity.Timeline.Editor.csproj", "{8b5bbdac-5098-40b7-e74c-82062895c0e6}"
EndProject
Project("{FAE04EC0-301F-11D3-BF4B-00C04F79EFBC}") = "Unity.VisualScripting.State.Editor", "Unity.VisualScripting.State.Editor.csproj", "{235c03db-6016-3925-712a-cf1269ca2f0c}"
EndProject
Project("{FAE04EC0-301F-11D3-BF4B-00C04F79EFBC}") = "Unity.TextMeshPro.Editor", "Unity.TextMeshPro.Editor.csproj", "{ec5a89f3-1462-9493-a988-8779c4dd97bc}"
EndProject
Project("{FAE04EC0-301F-11D3-BF4B-00C04F79EFBC}") = "Unity.VisualScripting.SettingsProvider.Editor", "Unity.VisualScripting.SettingsProvider.Editor.csproj", "{e4d98979-50b7-8754-620c-e2ae1036ccaa}"
EndProject
Project("{FAE04EC0-301F-11D3-BF4B-00C04F79EFBC}") = "Unity.CollabProxy.Editor", "Unity.CollabProxy.Editor.csproj", "{fec9e0d7-41c9-0273-d1e8-7f4935967ba6}"
EndProject
Project("{FAE04EC0-301F-11D3-BF4B-00C04F79EFBC}") = "UnityEditor.TestRunner", "UnityEditor.TestRunner.csproj", "{90806afd-62f9-2499-4adf-fbb92405c776}"
EndProject
Project("{FAE04EC0-301F-11D3-BF4B-00C04F79EFBC}") = "Unity.Services.Core.Editor", "Unity.Services.Core.Editor.csproj", "{183f8319-5594-5b76-ae16-b55a533a1023}"
EndProject
Project("{FAE04EC0-301F-11D3-BF4B-00C04F79EFBC}") = "Unity.TestTools.CodeCoverage.Editor", "Unity.TestTools.CodeCoverage.Editor.csproj", "{a69a4809-43b1-81ac-701c-f2945dddd849}"
EndProject
Project("{FAE04EC0-301F-11D3-BF4B-00C04F79EFBC}") = "Unity.Rider.Editor", "Unity.Rider.Editor.csproj", "{4c00a8e8-57a1-ce2f-76d2-dd358a993cbd}"
EndProject
Project("{FAE04EC0-301F-11D3-BF4B-00C04F79EFBC}") = "Unity.Performance.Profile-Analyzer.Editor", "Unity.Performance.Profile-Analyzer.Editor.csproj", "{91d4b883-ffb1-34fc-7016-b440adbeed07}"
EndProject
Project("{FAE04EC0-301F-11D3-BF4B-00C04F79EFBC}") = "Unity.VSCode.Editor", "Unity.VSCode.Editor.csproj", "{0d60678b-4e5c-7d5e-a7b0-a1d2a711f730}"
EndProject
Project("{FAE04EC0-301F-11D3-BF4B-00C04F79EFBC}") = "Unity.TestTools.CodeCoverage.Editor.OpenCover.Model", "Unity.TestTools.CodeCoverage.Editor.OpenCover.Model.csproj", "{73a489af-1f69-95d7-236d-c51585661f7a}"
EndProject
Project("{FAE04EC0-301F-11D3-BF4B-00C04F79EFBC}") = "Unity.EditorCoroutines.Editor", "Unity.EditorCoroutines.Editor.csproj", "{c31ca39b-b35a-39e8-791d-5facfa89e2e4}"
EndProject
Project("{FAE04EC0-301F-11D3-BF4B-00C04F79EFBC}") = "Unity.Settings.Editor", "Unity.Settings.Editor.csproj", "{1d7d71bf-c5bc-172c-acb0-fc27e80b8083}"
EndProject
Project("{FAE04EC0-301F-11D3-BF4B-00C04F79EFBC}") = "Unity.Services.Core.Configuration.Editor", "Unity.Services.Core.Configuration.Editor.csproj", "{de6113fc-ebb4-4b91-b7f9-d1d2d5da09f8}"
EndProject
Project("{FAE04EC0-301F-11D3-BF4B-00C04F79EFBC}") = "Unity.TestTools.CodeCoverage.Editor.OpenCover.Mono.Reflection", "Unity.TestTools.CodeCoverage.Editor.OpenCover.Mono.Reflection.csproj", "{b094bb24-5b05-1a3f-1a06-4cfc30e17c02}"
EndProject
Project("{FAE04EC0-301F-11D3-BF4B-00C04F79EFBC}") = "Unity.VisualScripting.Shared.Editor", "Unity.VisualScripting.Shared.Editor.csproj", "{69fde5ea-cb98-28b4-8892-dec33ff237ea}"
EndProject
Global
	GlobalSection(SolutionConfigurationPlatforms) = preSolution
		Debug|Any CPU = Debug|Any CPU
	EndGlobalSection
	GlobalSection(ProjectConfigurationPlatforms) = postSolution
		{3b6c7bf0-e3c6-02b1-a697-5e416e58b29f}.Debug|Any CPU.ActiveCfg = Debug|Any CPU
		{3b6c7bf0-e3c6-02b1-a697-5e416e58b29f}.Debug|Any CPU.Build.0 = Debug|Any CPU
		{bd65e7d4-1c5e-1e8f-2247-fb96b4a4e21f}.Debug|Any CPU.ActiveCfg = Debug|Any CPU
		{bd65e7d4-1c5e-1e8f-2247-fb96b4a4e21f}.Debug|Any CPU.Build.0 = Debug|Any CPU
		{296a98e2-214b-355f-1895-856aa7140159}.Debug|Any CPU.ActiveCfg = Debug|Any CPU
		{296a98e2-214b-355f-1895-856aa7140159}.Debug|Any CPU.Build.0 = Debug|Any CPU
		{3305302f-d904-83c3-4f38-6b230a075da0}.Debug|Any CPU.ActiveCfg = Debug|Any CPU
		{3305302f-d904-83c3-4f38-6b230a075da0}.Debug|Any CPU.Build.0 = Debug|Any CPU
		{33a5f0a9-4b10-83ef-9782-ce5bd68571a8}.Debug|Any CPU.ActiveCfg = Debug|Any CPU
		{33a5f0a9-4b10-83ef-9782-ce5bd68571a8}.Debug|Any CPU.Build.0 = Debug|Any CPU
		{81d3b810-2a90-f4bd-4713-2ae32eb2bedb}.Debug|Any CPU.ActiveCfg = Debug|Any CPU
		{81d3b810-2a90-f4bd-4713-2ae32eb2bedb}.Debug|Any CPU.Build.0 = Debug|Any CPU
		{d6b75924-6ca2-2075-e90a-2107b8ab59f7}.Debug|Any CPU.ActiveCfg = Debug|Any CPU
		{d6b75924-6ca2-2075-e90a-2107b8ab59f7}.Debug|Any CPU.Build.0 = Debug|Any CPU
		{402b2eec-afa6-1c3d-ef10-be3649aece53}.Debug|Any CPU.ActiveCfg = Debug|Any CPU
		{402b2eec-afa6-1c3d-ef10-be3649aece53}.Debug|Any CPU.Build.0 = Debug|Any CPU
		{f88e2bfe-6f1f-a2df-2eb4-0ee4f3e0511e}.Debug|Any CPU.ActiveCfg = Debug|Any CPU
		{f88e2bfe-6f1f-a2df-2eb4-0ee4f3e0511e}.Debug|Any CPU.Build.0 = Debug|Any CPU
		{d3d65464-216e-9e65-52de-73f82142c835}.Debug|Any CPU.ActiveCfg = Debug|Any CPU
		{d3d65464-216e-9e65-52de-73f82142c835}.Debug|Any CPU.Build.0 = Debug|Any CPU
		{7ead718c-1238-abbb-c13a-a9a0b5a9b67a}.Debug|Any CPU.ActiveCfg = Debug|Any CPU
		{7ead718c-1238-abbb-c13a-a9a0b5a9b67a}.Debug|Any CPU.Build.0 = Debug|Any CPU
		{1cc424a3-1d1b-97f9-f72b-80654f5ab2ab}.Debug|Any CPU.ActiveCfg = Debug|Any CPU
		{1cc424a3-1d1b-97f9-f72b-80654f5ab2ab}.Debug|Any CPU.Build.0 = Debug|Any CPU
		{39930630-2808-b87d-b33e-8f610909e579}.Debug|Any CPU.ActiveCfg = Debug|Any CPU
		{39930630-2808-b87d-b33e-8f610909e579}.Debug|Any CPU.Build.0 = Debug|Any CPU
		{5a8a4071-6712-3f5e-7b29-4fdffe1f0649}.Debug|Any CPU.ActiveCfg = Debug|Any CPU
		{5a8a4071-6712-3f5e-7b29-4fdffe1f0649}.Debug|Any CPU.Build.0 = Debug|Any CPU
		{50407a72-c7f2-a3bc-b67e-2e109c133c48}.Debug|Any CPU.ActiveCfg = Debug|Any CPU
		{50407a72-c7f2-a3bc-b67e-2e109c133c48}.Debug|Any CPU.Build.0 = Debug|Any CPU
		{91976110-57bc-a20e-17b0-77db3c2a556e}.Debug|Any CPU.ActiveCfg = Debug|Any CPU
		{91976110-57bc-a20e-17b0-77db3c2a556e}.Debug|Any CPU.Build.0 = Debug|Any CPU
		{26ec61fd-7bf4-7ce8-aceb-eba66bade407}.Debug|Any CPU.ActiveCfg = Debug|Any CPU
		{26ec61fd-7bf4-7ce8-aceb-eba66bade407}.Debug|Any CPU.Build.0 = Debug|Any CPU
		{dd2ba5dc-65f5-7e05-39d5-0c697c2d7813}.Debug|Any CPU.ActiveCfg = Debug|Any CPU
		{dd2ba5dc-65f5-7e05-39d5-0c697c2d7813}.Debug|Any CPU.Build.0 = Debug|Any CPU
		{2b6a68a8-eae7-0948-3f61-bcc7cc6d4c17}.Debug|Any CPU.ActiveCfg = Debug|Any CPU
		{2b6a68a8-eae7-0948-3f61-bcc7cc6d4c17}.Debug|Any CPU.Build.0 = Debug|Any CPU
		{27559c6f-5f82-7553-43ad-b5b60359c156}.Debug|Any CPU.ActiveCfg = Debug|Any CPU
		{27559c6f-5f82-7553-43ad-b5b60359c156}.Debug|Any CPU.Build.0 = Debug|Any CPU
		{4330a467-3a90-ce8f-c11c-ae6ce581ba36}.Debug|Any CPU.ActiveCfg = Debug|Any CPU
		{4330a467-3a90-ce8f-c11c-ae6ce581ba36}.Debug|Any CPU.Build.0 = Debug|Any CPU
		{e877ab6c-3beb-a311-2627-1d78af9aa3c3}.Debug|Any CPU.ActiveCfg = Debug|Any CPU
		{e877ab6c-3beb-a311-2627-1d78af9aa3c3}.Debug|Any CPU.Build.0 = Debug|Any CPU
		{fbf684c9-f11b-4057-60d3-0458519b0ecb}.Debug|Any CPU.ActiveCfg = Debug|Any CPU
		{fbf684c9-f11b-4057-60d3-0458519b0ecb}.Debug|Any CPU.Build.0 = Debug|Any CPU
		{8b5bbdac-5098-40b7-e74c-82062895c0e6}.Debug|Any CPU.ActiveCfg = Debug|Any CPU
		{8b5bbdac-5098-40b7-e74c-82062895c0e6}.Debug|Any CPU.Build.0 = Debug|Any CPU
		{235c03db-6016-3925-712a-cf1269ca2f0c}.Debug|Any CPU.ActiveCfg = Debug|Any CPU
		{235c03db-6016-3925-712a-cf1269ca2f0c}.Debug|Any CPU.Build.0 = Debug|Any CPU
		{ec5a89f3-1462-9493-a988-8779c4dd97bc}.Debug|Any CPU.ActiveCfg = Debug|Any CPU
		{ec5a89f3-1462-9493-a988-8779c4dd97bc}.Debug|Any CPU.Build.0 = Debug|Any CPU
		{e4d98979-50b7-8754-620c-e2ae1036ccaa}.Debug|Any CPU.ActiveCfg = Debug|Any CPU
		{e4d98979-50b7-8754-620c-e2ae1036ccaa}.Debug|Any CPU.Build.0 = Debug|Any CPU
		{fec9e0d7-41c9-0273-d1e8-7f4935967ba6}.Debug|Any CPU.ActiveCfg = Debug|Any CPU
		{fec9e0d7-41c9-0273-d1e8-7f4935967ba6}.Debug|Any CPU.Build.0 = Debug|Any CPU
		{90806afd-62f9-2499-4adf-fbb92405c776}.Debug|Any CPU.ActiveCfg = Debug|Any CPU
		{90806afd-62f9-2499-4adf-fbb92405c776}.Debug|Any CPU.Build.0 = Debug|Any CPU
		{183f8319-5594-5b76-ae16-b55a533a1023}.Debug|Any CPU.ActiveCfg = Debug|Any CPU
		{183f8319-5594-5b76-ae16-b55a533a1023}.Debug|Any CPU.Build.0 = Debug|Any CPU
		{a69a4809-43b1-81ac-701c-f2945dddd849}.Debug|Any CPU.ActiveCfg = Debug|Any CPU
		{a69a4809-43b1-81ac-701c-f2945dddd849}.Debug|Any CPU.Build.0 = Debug|Any CPU
		{4c00a8e8-57a1-ce2f-76d2-dd358a993cbd}.Debug|Any CPU.ActiveCfg = Debug|Any CPU
		{4c00a8e8-57a1-ce2f-76d2-dd358a993cbd}.Debug|Any CPU.Build.0 = Debug|Any CPU
		{91d4b883-ffb1-34fc-7016-b440adbeed07}.Debug|Any CPU.ActiveCfg = Debug|Any CPU
		{91d4b883-ffb1-34fc-7016-b440adbeed07}.Debug|Any CPU.Build.0 = Debug|Any CPU
		{0d60678b-4e5c-7d5e-a7b0-a1d2a711f730}.Debug|Any CPU.ActiveCfg = Debug|Any CPU
		{0d60678b-4e5c-7d5e-a7b0-a1d2a711f730}.Debug|Any CPU.Build.0 = Debug|Any CPU
		{73a489af-1f69-95d7-236d-c51585661f7a}.Debug|Any CPU.ActiveCfg = Debug|Any CPU
		{73a489af-1f69-95d7-236d-c51585661f7a}.Debug|Any CPU.Build.0 = Debug|Any CPU
		{c31ca39b-b35a-39e8-791d-5facfa89e2e4}.Debug|Any CPU.ActiveCfg = Debug|Any CPU
		{c31ca39b-b35a-39e8-791d-5facfa89e2e4}.Debug|Any CPU.Build.0 = Debug|Any CPU
		{1d7d71bf-c5bc-172c-acb0-fc27e80b8083}.Debug|Any CPU.ActiveCfg = Debug|Any CPU
		{1d7d71bf-c5bc-172c-acb0-fc27e80b8083}.Debug|Any CPU.Build.0 = Debug|Any CPU
		{de6113fc-ebb4-4b91-b7f9-d1d2d5da09f8}.Debug|Any CPU.ActiveCfg = Debug|Any CPU
		{de6113fc-ebb4-4b91-b7f9-d1d2d5da09f8}.Debug|Any CPU.Build.0 = Debug|Any CPU
		{b094bb24-5b05-1a3f-1a06-4cfc30e17c02}.Debug|Any CPU.ActiveCfg = Debug|Any CPU
		{b094bb24-5b05-1a3f-1a06-4cfc30e17c02}.Debug|Any CPU.Build.0 = Debug|Any CPU
		{69fde5ea-cb98-28b4-8892-dec33ff237ea}.Debug|Any CPU.ActiveCfg = Debug|Any CPU
		{69fde5ea-cb98-28b4-8892-dec33ff237ea}.Debug|Any CPU.Build.0 = Debug|Any CPU
	EndGlobalSection
	GlobalSection(SolutionProperties) = preSolution
		HideSolutionNode = FALSE
	EndGlobalSection
EndGlobal
